
Microsoft Visual Studio Solution File, Format Version 12.00
# Visual Studio Version 16
VisualStudioVersion = 16.0.28407.52
MinimumVisualStudioVersion = 10.0.40219.1
Project("{FAE04EC0-301F-11D3-BF4B-00C04F79EFBC}") = "management-app", "management-app\management-app.csproj", "{FAEFEDCF-3E64-41D9-8020-53942BE1B302}"
EndProject
Global
	GlobalSection(SolutionConfigurationPlatforms) = preSolution
		Debug|Any CPU = Debug|Any CPU
		Release|Any CPU = Release|Any CPU
	EndGlobalSection
	GlobalSection(ProjectConfigurationPlatforms) = postSolution
		{FAEFEDCF-3E64-41D9-8020-53942BE1B302}.Debug|Any CPU.ActiveCfg = Debug|Any CPU
		{FAEFEDCF-3E64-41D9-8020-53942BE1B302}.Debug|Any CPU.Build.0 = Debug|Any CPU
		{FAEFEDCF-3E64-41D9-8020-53942BE1B302}.Release|Any CPU.ActiveCfg = Release|Any CPU
		{FAEFEDCF-3E64-41D9-8020-53942BE1B302}.Release|Any CPU.Build.0 = Release|Any CPU
	EndGlobalSection
	GlobalSection(SolutionProperties) = preSolution
		HideSolutionNode = FALSE
	EndGlobalSection
	GlobalSection(ExtensibilityGlobals) = postSolution
		SolutionGuid = {FD754063-113E-4454-8D32-769A3C7A77E5}
	EndGlobalSection
EndGlobal
